
Microsoft Visual Studio Solution File, Format Version 12.00
# Visual Studio Version 16
VisualStudioVersion = 16.0.31410.357
MinimumVisualStudioVersion = 10.0.40219.1
Project("{9A19103F-16F7-4668-BE54-9A1E7A4F7556}") = "InventoryControlSystem", "WorkOrderSysten\InventoryControlSystem.csproj", "{FF552666-634A-4F98-86F2-D117D49465DA}"
EndProject
Global
	GlobalSection(SolutionConfigurationPlatforms) = preSolution
		Debug|Any CPU = Debug|Any CPU
		Release|Any CPU = Release|Any CPU
	EndGlobalSection
	GlobalSection(ProjectConfigurationPlatforms) = postSolution
		{FF552666-634A-4F98-86F2-D117D49465DA}.Debug|Any CPU.ActiveCfg = Debug|Any CPU
		{FF552666-634A-4F98-86F2-D117D49465DA}.Debug|Any CPU.Build.0 = Debug|Any CPU
		{FF552666-634A-4F98-86F2-D117D49465DA}.Release|Any CPU.ActiveCfg = Release|Any CPU
		{FF552666-634A-4F98-86F2-D117D49465DA}.Release|Any CPU.Build.0 = Release|Any CPU
	EndGlobalSection
	GlobalSection(SolutionProperties) = preSolution
		HideSolutionNode = FALSE
	EndGlobalSection
	GlobalSection(ExtensibilityGlobals) = postSolution
		SolutionGuid = {BF73E7EB-A77A-4BDE-878E-4900DDC03C81}
	EndGlobalSection
EndGlobal
